// !$*UTF8*$!
{
	archiveVersion = 1;
	classes = {
	};
	objectVersion = 51;
	objects = {

/* Begin PBXBuildFile section */
		42B90FF7A1A03DCDFF60D5AF /* Pods_did_you_.framework in Frameworks */ = {isa = PBXBuildFile; fileRef = 900A7D6F1E15939D210E79D2 /* Pods_did_you_.framework */; };
		6902675A248CA327006AB80D /* Circular-Bold.ttf in Resources */ = {isa = PBXBuildFile; fileRef = 69026758248CA327006AB80D /* Circular-Bold.ttf */; };
		6902675B248CA327006AB80D /* Circular-Black.ttf in Resources */ = {isa = PBXBuildFile; fileRef = 69026759248CA327006AB80D /* Circular-Black.ttf */; };
		6902675D248CA394006AB80D /* Circular-Medium.ttf in Resources */ = {isa = PBXBuildFile; fileRef = 6902675C248CA393006AB80D /* Circular-Medium.ttf */; };
		69026C63247B330C006C7A16 /* Poppins-Regular.ttf in Resources */ = {isa = PBXBuildFile; fileRef = 69026C62247B330C006C7A16 /* Poppins-Regular.ttf */; };
		690D572F2494319F00169838 /* AddedViewController.swift in Sources */ = {isa = PBXBuildFile; fileRef = 690D572E2494319F00169838 /* AddedViewController.swift */; };
		69191A68248CD85F002A340B /* renner-bold.otf in Resources */ = {isa = PBXBuildFile; fileRef = 69191A65248CD85F002A340B /* renner-bold.otf */; };
		69191A69248CD85F002A340B /* renner-black.otf in Resources */ = {isa = PBXBuildFile; fileRef = 69191A66248CD85F002A340B /* renner-black.otf */; };
		69191A6A248CD85F002A340B /* renner-medium.otf in Resources */ = {isa = PBXBuildFile; fileRef = 69191A67248CD85F002A340B /* renner-medium.otf */; };
		69191A6C248D7F49002A340B /* SFProDisplay-Bold.ttf in Resources */ = {isa = PBXBuildFile; fileRef = 69191A6B248D7F49002A340B /* SFProDisplay-Bold.ttf */; };
		69191A6F248D8075002A340B /* SFProDisplay-Black.otf in Resources */ = {isa = PBXBuildFile; fileRef = 69191A6D248D8075002A340B /* SFProDisplay-Black.otf */; };
		69191A70248D8075002A340B /* SFProDisplay-Medium.otf in Resources */ = {isa = PBXBuildFile; fileRef = 69191A6E248D8075002A340B /* SFProDisplay-Medium.otf */; };
		69191A72248DB41E002A340B /* priorityLevel.swift in Sources */ = {isa = PBXBuildFile; fileRef = 69191A71248DB41E002A340B /* priorityLevel.swift */; };
		69191A75248DC483002A340B /* needModel.xcdatamodeld in Sources */ = {isa = PBXBuildFile; fileRef = 69191A73248DC483002A340B /* needModel.xcdatamodeld */; };
		69191A78248DCAA5002A340B /* gotModel.xcdatamodeld in Sources */ = {isa = PBXBuildFile; fileRef = 69191A76248DCAA5002A340B /* gotModel.xcdatamodeld */; };
		69191A7B248DCAEE002A340B /* wantModel.xcdatamodeld in Sources */ = {isa = PBXBuildFile; fileRef = 69191A79248DCAEE002A340B /* wantModel.xcdatamodeld */; };
		692E9834248E2BE90052992B /* headerCell.swift in Sources */ = {isa = PBXBuildFile; fileRef = 692E9833248E2BE90052992B /* headerCell.swift */; };
		693C1449248774DC0044B37C /* CoreDataController.swift in Sources */ = {isa = PBXBuildFile; fileRef = 693C1448248774DC0044B37C /* CoreDataController.swift */; };
		693C144C248775F90044B37C /* didModel.xcdatamodeld in Sources */ = {isa = PBXBuildFile; fileRef = 693C144A248775F90044B37C /* didModel.xcdatamodeld */; };
		693C144E248794790044B37C /* TableViewController.swift in Sources */ = {isa = PBXBuildFile; fileRef = 693C144D248794790044B37C /* TableViewController.swift */; };
		698EC89E251548BC0063DE43 /* Theme.swift in Sources */ = {isa = PBXBuildFile; fileRef = 698EC89D251548BC0063DE43 /* Theme.swift */; };
		698EC8A0251549AE0063DE43 /* Colors.xcassets in Resources */ = {isa = PBXBuildFile; fileRef = 698EC89F251549AE0063DE43 /* Colors.xcassets */; };
		69B1F8652488C22400D6EDE7 /* DetailViewController.swift in Sources */ = {isa = PBXBuildFile; fileRef = 69B1F8642488C22400D6EDE7 /* DetailViewController.swift */; };
		69B1F8672488CE0A00D6EDE7 /* TableViewCell.swift in Sources */ = {isa = PBXBuildFile; fileRef = 69B1F8662488CE0A00D6EDE7 /* TableViewCell.swift */; };
		69B1F869248AD7E900D6EDE7 /* CustomTextField.swift in Sources */ = {isa = PBXBuildFile; fileRef = 69B1F868248AD7E900D6EDE7 /* CustomTextField.swift */; };
		69B1F86B248B05F700D6EDE7 /* PopupViewController.swift in Sources */ = {isa = PBXBuildFile; fileRef = 69B1F86A248B05F700D6EDE7 /* PopupViewController.swift */; };
		69BF39D02497517E00DB171F /* SettingsViewController.swift in Sources */ = {isa = PBXBuildFile; fileRef = 69BF39CF2497517E00DB171F /* SettingsViewController.swift */; };
		69E4946B249345F6006C52D2 /* Muli-Black.ttf in Resources */ = {isa = PBXBuildFile; fileRef = 69E49468249345F6006C52D2 /* Muli-Black.ttf */; };
		69E4946C249345F6006C52D2 /* Muli-Bold.ttf in Resources */ = {isa = PBXBuildFile; fileRef = 69E49469249345F6006C52D2 /* Muli-Bold.ttf */; };
		69E4946D249345F6006C52D2 /* Muli-Medium.ttf in Resources */ = {isa = PBXBuildFile; fileRef = 69E4946A249345F6006C52D2 /* Muli-Medium.ttf */; };
		69E494722493467C006C52D2 /* Inter-Black.otf in Resources */ = {isa = PBXBuildFile; fileRef = 69E4946F2493467C006C52D2 /* Inter-Black.otf */; };
		69E494732493467C006C52D2 /* Inter-Medium.otf in Resources */ = {isa = PBXBuildFile; fileRef = 69E494702493467C006C52D2 /* Inter-Medium.otf */; };
		69E494742493467C006C52D2 /* Inter-Bold.otf in Resources */ = {isa = PBXBuildFile; fileRef = 69E494712493467C006C52D2 /* Inter-Bold.otf */; };
		69E663E22479E63300D352D8 /* AppDelegate.swift in Sources */ = {isa = PBXBuildFile; fileRef = 69E663E12479E63300D352D8 /* AppDelegate.swift */; };
		69E663E42479E63300D352D8 /* SceneDelegate.swift in Sources */ = {isa = PBXBuildFile; fileRef = 69E663E32479E63300D352D8 /* SceneDelegate.swift */; };
		69E663E62479E63300D352D8 /* FirstViewController.swift in Sources */ = {isa = PBXBuildFile; fileRef = 69E663E52479E63300D352D8 /* FirstViewController.swift */; };
		69E663EB2479E63300D352D8 /* Main.storyboard in Resources */ = {isa = PBXBuildFile; fileRef = 69E663E92479E63300D352D8 /* Main.storyboard */; };
		69E663ED2479E63500D352D8 /* Assets.xcassets in Resources */ = {isa = PBXBuildFile; fileRef = 69E663EC2479E63500D352D8 /* Assets.xcassets */; };
		69E663F02479E63500D352D8 /* LaunchScreen.storyboard in Resources */ = {isa = PBXBuildFile; fileRef = 69E663EE2479E63500D352D8 /* LaunchScreen.storyboard */; };
		69E663FA2479F54600D352D8 /* Poppins-SemiBold.ttf in Resources */ = {isa = PBXBuildFile; fileRef = 69E663F92479F54600D352D8 /* Poppins-SemiBold.ttf */; };
/* End PBXBuildFile section */

/* Begin PBXFileReference section */
		69026758248CA327006AB80D /* Circular-Bold.ttf */ = {isa = PBXFileReference; lastKnownFileType = file; path = "Circular-Bold.ttf"; sourceTree = "<group>"; };
		69026759248CA327006AB80D /* Circular-Black.ttf */ = {isa = PBXFileReference; lastKnownFileType = file; path = "Circular-Black.ttf"; sourceTree = "<group>"; };
		6902675C248CA393006AB80D /* Circular-Medium.ttf */ = {isa = PBXFileReference; lastKnownFileType = file; path = "Circular-Medium.ttf"; sourceTree = "<group>"; };
		69026C62247B330C006C7A16 /* Poppins-Regular.ttf */ = {isa = PBXFileReference; lastKnownFileType = file; path = "Poppins-Regular.ttf"; sourceTree = "<group>"; };
		690D572E2494319F00169838 /* AddedViewController.swift */ = {isa = PBXFileReference; lastKnownFileType = sourcecode.swift; path = AddedViewController.swift; sourceTree = "<group>"; };
		69191A65248CD85F002A340B /* renner-bold.otf */ = {isa = PBXFileReference; lastKnownFileType = file; path = "renner-bold.otf"; sourceTree = "<group>"; };
		69191A66248CD85F002A340B /* renner-black.otf */ = {isa = PBXFileReference; lastKnownFileType = file; path = "renner-black.otf"; sourceTree = "<group>"; };
		69191A67248CD85F002A340B /* renner-medium.otf */ = {isa = PBXFileReference; lastKnownFileType = file; path = "renner-medium.otf"; sourceTree = "<group>"; };
		69191A6B248D7F49002A340B /* SFProDisplay-Bold.ttf */ = {isa = PBXFileReference; lastKnownFileType = file; path = "SFProDisplay-Bold.ttf"; sourceTree = "<group>"; };
		69191A6D248D8075002A340B /* SFProDisplay-Black.otf */ = {isa = PBXFileReference; lastKnownFileType = file; path = "SFProDisplay-Black.otf"; sourceTree = "<group>"; };
		69191A6E248D8075002A340B /* SFProDisplay-Medium.otf */ = {isa = PBXFileReference; lastKnownFileType = file; path = "SFProDisplay-Medium.otf"; sourceTree = "<group>"; };
		69191A71248DB41E002A340B /* priorityLevel.swift */ = {isa = PBXFileReference; lastKnownFileType = sourcecode.swift; path = priorityLevel.swift; sourceTree = "<group>"; };
		69191A74248DC483002A340B /* needModel.xcdatamodel */ = {isa = PBXFileReference; lastKnownFileType = wrapper.xcdatamodel; path = needModel.xcdatamodel; sourceTree = "<group>"; };
		69191A77248DCAA5002A340B /* gotModel.xcdatamodel */ = {isa = PBXFileReference; lastKnownFileType = wrapper.xcdatamodel; path = gotModel.xcdatamodel; sourceTree = "<group>"; };
		69191A7A248DCAEE002A340B /* wantModel.xcdatamodel */ = {isa = PBXFileReference; lastKnownFileType = wrapper.xcdatamodel; path = wantModel.xcdatamodel; sourceTree = "<group>"; };
		692E9833248E2BE90052992B /* headerCell.swift */ = {isa = PBXFileReference; lastKnownFileType = sourcecode.swift; path = headerCell.swift; sourceTree = "<group>"; };
		693C1448248774DC0044B37C /* CoreDataController.swift */ = {isa = PBXFileReference; lastKnownFileType = sourcecode.swift; path = CoreDataController.swift; sourceTree = "<group>"; };
		693C144B248775F90044B37C /* didModel.xcdatamodel */ = {isa = PBXFileReference; lastKnownFileType = wrapper.xcdatamodel; path = didModel.xcdatamodel; sourceTree = "<group>"; };
		693C144D248794790044B37C /* TableViewController.swift */ = {isa = PBXFileReference; lastKnownFileType = sourcecode.swift; path = TableViewController.swift; sourceTree = "<group>"; };
		698EC89D251548BC0063DE43 /* Theme.swift */ = {isa = PBXFileReference; lastKnownFileType = sourcecode.swift; path = Theme.swift; sourceTree = "<group>"; };
		698EC89F251549AE0063DE43 /* Colors.xcassets */ = {isa = PBXFileReference; lastKnownFileType = folder.assetcatalog; path = Colors.xcassets; sourceTree = "<group>"; };
		69B1F8642488C22400D6EDE7 /* DetailViewController.swift */ = {isa = PBXFileReference; lastKnownFileType = sourcecode.swift; path = DetailViewController.swift; sourceTree = "<group>"; };
		69B1F8662488CE0A00D6EDE7 /* TableViewCell.swift */ = {isa = PBXFileReference; lastKnownFileType = sourcecode.swift; path = TableViewCell.swift; sourceTree = "<group>"; };
		69B1F868248AD7E900D6EDE7 /* CustomTextField.swift */ = {isa = PBXFileReference; lastKnownFileType = sourcecode.swift; path = CustomTextField.swift; sourceTree = "<group>"; };
		69B1F86A248B05F700D6EDE7 /* PopupViewController.swift */ = {isa = PBXFileReference; lastKnownFileType = sourcecode.swift; path = PopupViewController.swift; sourceTree = "<group>"; };
		69BF39CF2497517E00DB171F /* SettingsViewController.swift */ = {isa = PBXFileReference; lastKnownFileType = sourcecode.swift; path = SettingsViewController.swift; sourceTree = "<group>"; };
		69E49468249345F6006C52D2 /* Muli-Black.ttf */ = {isa = PBXFileReference; lastKnownFileType = file; path = "Muli-Black.ttf"; sourceTree = "<group>"; };
		69E49469249345F6006C52D2 /* Muli-Bold.ttf */ = {isa = PBXFileReference; lastKnownFileType = file; path = "Muli-Bold.ttf"; sourceTree = "<group>"; };
		69E4946A249345F6006C52D2 /* Muli-Medium.ttf */ = {isa = PBXFileReference; lastKnownFileType = file; path = "Muli-Medium.ttf"; sourceTree = "<group>"; };
		69E4946F2493467C006C52D2 /* Inter-Black.otf */ = {isa = PBXFileReference; lastKnownFileType = file; path = "Inter-Black.otf"; sourceTree = "<group>"; };
		69E494702493467C006C52D2 /* Inter-Medium.otf */ = {isa = PBXFileReference; lastKnownFileType = file; path = "Inter-Medium.otf"; sourceTree = "<group>"; };
		69E494712493467C006C52D2 /* Inter-Bold.otf */ = {isa = PBXFileReference; lastKnownFileType = file; path = "Inter-Bold.otf"; sourceTree = "<group>"; };
		69E663DE2479E63300D352D8 /* did you?.app */ = {isa = PBXFileReference; explicitFileType = wrapper.application; includeInIndex = 0; path = "did you?.app"; sourceTree = BUILT_PRODUCTS_DIR; };
		69E663E12479E63300D352D8 /* AppDelegate.swift */ = {isa = PBXFileReference; lastKnownFileType = sourcecode.swift; path = AppDelegate.swift; sourceTree = "<group>"; };
		69E663E32479E63300D352D8 /* SceneDelegate.swift */ = {isa = PBXFileReference; lastKnownFileType = sourcecode.swift; path = SceneDelegate.swift; sourceTree = "<group>"; };
		69E663E52479E63300D352D8 /* FirstViewController.swift */ = {isa = PBXFileReference; lastKnownFileType = sourcecode.swift; path = FirstViewController.swift; sourceTree = "<group>"; };
		69E663EA2479E63300D352D8 /* Base */ = {isa = PBXFileReference; lastKnownFileType = file.storyboard; name = Base; path = Base.lproj/Main.storyboard; sourceTree = "<group>"; };
		69E663EC2479E63500D352D8 /* Assets.xcassets */ = {isa = PBXFileReference; lastKnownFileType = folder.assetcatalog; path = Assets.xcassets; sourceTree = "<group>"; };
		69E663EF2479E63500D352D8 /* Base */ = {isa = PBXFileReference; lastKnownFileType = file.storyboard; name = Base; path = Base.lproj/LaunchScreen.storyboard; sourceTree = "<group>"; };
		69E663F12479E63500D352D8 /* Info.plist */ = {isa = PBXFileReference; lastKnownFileType = text.plist.xml; path = Info.plist; sourceTree = "<group>"; };
		69E663F92479F54600D352D8 /* Poppins-SemiBold.ttf */ = {isa = PBXFileReference; lastKnownFileType = file; path = "Poppins-SemiBold.ttf"; sourceTree = "<group>"; };
		900A7D6F1E15939D210E79D2 /* Pods_did_you_.framework */ = {isa = PBXFileReference; explicitFileType = wrapper.framework; includeInIndex = 0; path = Pods_did_you_.framework; sourceTree = BUILT_PRODUCTS_DIR; };
		AEBDA99ED19E4FD4B30CB36A /* Pods-did you?.release.xcconfig */ = {isa = PBXFileReference; includeInIndex = 1; lastKnownFileType = text.xcconfig; name = "Pods-did you?.release.xcconfig"; path = "Target Support Files/Pods-did you?/Pods-did you?.release.xcconfig"; sourceTree = "<group>"; };
		F8F1A2CE76C25EB5DE37B1D1 /* Pods-did you?.debug.xcconfig */ = {isa = PBXFileReference; includeInIndex = 1; lastKnownFileType = text.xcconfig; name = "Pods-did you?.debug.xcconfig"; path = "Target Support Files/Pods-did you?/Pods-did you?.debug.xcconfig"; sourceTree = "<group>"; };
/* End PBXFileReference section */

/* Begin PBXFrameworksBuildPhase section */
		69E663DB2479E63300D352D8 /* Frameworks */ = {
			isa = PBXFrameworksBuildPhase;
			buildActionMask = 2147483647;
			files = (
				42B90FF7A1A03DCDFF60D5AF /* Pods_did_you_.framework in Frameworks */,
			);
			runOnlyForDeploymentPostprocessing = 0;
		};
/* End PBXFrameworksBuildPhase section */

/* Begin PBXGroup section */
		05956B27E50248318715E828 /* Frameworks */ = {
			isa = PBXGroup;
			children = (
				900A7D6F1E15939D210E79D2 /* Pods_did_you_.framework */,
			);
			name = Frameworks;
			sourceTree = "<group>";
		};
		69026765248CBE7B006AB80D /* objects */ = {
			isa = PBXGroup;
			children = (
				69B1F868248AD7E900D6EDE7 /* CustomTextField.swift */,
				69B1F8662488CE0A00D6EDE7 /* TableViewCell.swift */,
				69191A71248DB41E002A340B /* priorityLevel.swift */,
				692E9833248E2BE90052992B /* headerCell.swift */,
			);
			name = objects;
			sourceTree = "<group>";
		};
		69026766248CBE9A006AB80D /* views */ = {
			isa = PBXGroup;
			children = (
				69B1F86A248B05F700D6EDE7 /* PopupViewController.swift */,
				69E663E52479E63300D352D8 /* FirstViewController.swift */,
				693C144D248794790044B37C /* TableViewController.swift */,
				69B1F8642488C22400D6EDE7 /* DetailViewController.swift */,
				690D572E2494319F00169838 /* AddedViewController.swift */,
				69BF39CF2497517E00DB171F /* SettingsViewController.swift */,
			);
			name = views;
			sourceTree = "<group>";
		};
		69026767248CBEB8006AB80D /* delegates */ = {
			isa = PBXGroup;
			children = (
				69E663E32479E63300D352D8 /* SceneDelegate.swift */,
				69E663E12479E63300D352D8 /* AppDelegate.swift */,
			);
			name = delegates;
			sourceTree = "<group>";
		};
		693C1447248774CC0044B37C /* CoreData */ = {
			isa = PBXGroup;
			children = (
				693C1448248774DC0044B37C /* CoreDataController.swift */,
				69191A79248DCAEE002A340B /* wantModel.xcdatamodeld */,
				693C144A248775F90044B37C /* didModel.xcdatamodeld */,
				69191A76248DCAA5002A340B /* gotModel.xcdatamodeld */,
				69191A73248DC483002A340B /* needModel.xcdatamodeld */,
			);
			path = CoreData;
			sourceTree = "<group>";
		};
		698EC89C251548AA0063DE43 /* resources */ = {
			isa = PBXGroup;
			children = (
				69E663F82479F42400D352D8 /* Fonts */,
				698EC89D251548BC0063DE43 /* Theme.swift */,
				698EC89F251549AE0063DE43 /* Colors.xcassets */,
			);
			name = resources;
			sourceTree = "<group>";
		};
		69E4946324934582006C52D2 /* circular */ = {
			isa = PBXGroup;
			children = (
				69026759248CA327006AB80D /* Circular-Black.ttf */,
				6902675C248CA393006AB80D /* Circular-Medium.ttf */,
				69026758248CA327006AB80D /* Circular-Bold.ttf */,
			);
			path = circular;
			sourceTree = "<group>";
		};
		69E494642493459A006C52D2 /* sf pro */ = {
			isa = PBXGroup;
			children = (
				69191A6D248D8075002A340B /* SFProDisplay-Black.otf */,
				69191A6E248D8075002A340B /* SFProDisplay-Medium.otf */,
				69191A6B248D7F49002A340B /* SFProDisplay-Bold.ttf */,
			);
			path = "sf pro";
			sourceTree = "<group>";
		};
		69E49465249345AD006C52D2 /* renner */ = {
			isa = PBXGroup;
			children = (
				69191A66248CD85F002A340B /* renner-black.otf */,
				69191A65248CD85F002A340B /* renner-bold.otf */,
				69191A67248CD85F002A340B /* renner-medium.otf */,
			);
			path = renner;
			sourceTree = "<group>";
		};
		69E49466249345B5006C52D2 /* poppins */ = {
			isa = PBXGroup;
			children = (
				69026C62247B330C006C7A16 /* Poppins-Regular.ttf */,
				69E663F92479F54600D352D8 /* Poppins-SemiBold.ttf */,
			);
			path = poppins;
			sourceTree = "<group>";
		};
		69E49467249345C0006C52D2 /* muli */ = {
			isa = PBXGroup;
			children = (
				69E49468249345F6006C52D2 /* Muli-Black.ttf */,
				69E49469249345F6006C52D2 /* Muli-Bold.ttf */,
				69E4946A249345F6006C52D2 /* Muli-Medium.ttf */,
			);
			path = muli;
			sourceTree = "<group>";
		};
		69E4946E24934666006C52D2 /* Inter */ = {
			isa = PBXGroup;
			children = (
				69E4946F2493467C006C52D2 /* Inter-Black.otf */,
				69E494712493467C006C52D2 /* Inter-Bold.otf */,
				69E494702493467C006C52D2 /* Inter-Medium.otf */,
			);
			path = Inter;
			sourceTree = "<group>";
		};
		69E663D52479E63300D352D8 = {
			isa = PBXGroup;
			children = (
				69E663E02479E63300D352D8 /* did you? */,
				69E663DF2479E63300D352D8 /* Products */,
				9491185CCB22E3AD6F02197F /* Pods */,
				05956B27E50248318715E828 /* Frameworks */,
			);
			sourceTree = "<group>";
		};
		69E663DF2479E63300D352D8 /* Products */ = {
			isa = PBXGroup;
			children = (
				69E663DE2479E63300D352D8 /* did you?.app */,
			);
			name = Products;
			sourceTree = "<group>";
		};
		69E663E02479E63300D352D8 /* did you? */ = {
			isa = PBXGroup;
			children = (
				69026767248CBEB8006AB80D /* delegates */,
				69026765248CBE7B006AB80D /* objects */,
				69026766248CBE9A006AB80D /* views */,
				693C1447248774CC0044B37C /* CoreData */,
				698EC89C251548AA0063DE43 /* resources */,
				69E663E92479E63300D352D8 /* Main.storyboard */,
				69E663EC2479E63500D352D8 /* Assets.xcassets */,
				69E663EE2479E63500D352D8 /* LaunchScreen.storyboard */,
				69E663F12479E63500D352D8 /* Info.plist */,
			);
			path = "did you?";
			sourceTree = "<group>";
		};
		69E663F82479F42400D352D8 /* Fonts */ = {
			isa = PBXGroup;
			children = (
				69E4946E24934666006C52D2 /* Inter */,
				69E49467249345C0006C52D2 /* muli */,
				69E49466249345B5006C52D2 /* poppins */,
				69E49465249345AD006C52D2 /* renner */,
				69E494642493459A006C52D2 /* sf pro */,
				69E4946324934582006C52D2 /* circular */,
			);
			path = Fonts;
			sourceTree = "<group>";
		};
		9491185CCB22E3AD6F02197F /* Pods */ = {
			isa = PBXGroup;
			children = (
				F8F1A2CE76C25EB5DE37B1D1 /* Pods-did you?.debug.xcconfig */,
				AEBDA99ED19E4FD4B30CB36A /* Pods-did you?.release.xcconfig */,
			);
			path = Pods;
			sourceTree = "<group>";
		};
/* End PBXGroup section */

/* Begin PBXNativeTarget section */
		69E663DD2479E63300D352D8 /* did you? */ = {
			isa = PBXNativeTarget;
			buildConfigurationList = 69E663F42479E63500D352D8 /* Build configuration list for PBXNativeTarget "did you?" */;
			buildPhases = (
				4647537FB282E8E2B510E061 /* [CP] Check Pods Manifest.lock */,
				69E663DA2479E63300D352D8 /* Sources */,
				69E663DB2479E63300D352D8 /* Frameworks */,
				69E663DC2479E63300D352D8 /* Resources */,
				2C4F77E7E49848BA513AE184 /* [CP] Embed Pods Frameworks */,
			);
			buildRules = (
			);
			dependencies = (
			);
			name = "did you?";
			productName = "did you?";
			productReference = 69E663DE2479E63300D352D8 /* did you?.app */;
			productType = "com.apple.product-type.application";
		};
/* End PBXNativeTarget section */

/* Begin PBXProject section */
		69E663D62479E63300D352D8 /* Project object */ = {
			isa = PBXProject;
			attributes = {
				LastSwiftUpdateCheck = 1150;
				LastUpgradeCheck = 1150;
				ORGANIZATIONNAME = "Jay Kudva";
				TargetAttributes = {
					69E663DD2479E63300D352D8 = {
						CreatedOnToolsVersion = 11.5;
					};
				};
			};
			buildConfigurationList = 69E663D92479E63300D352D8 /* Build configuration list for PBXProject "did you?" */;
			compatibilityVersion = "Xcode 9.3";
			developmentRegion = en;
			hasScannedForEncodings = 0;
			knownRegions = (
				en,
				Base,
			);
			mainGroup = 69E663D52479E63300D352D8;
			productRefGroup = 69E663DF2479E63300D352D8 /* Products */;
			projectDirPath = "";
			projectRoot = "";
			targets = (
				69E663DD2479E63300D352D8 /* did you? */,
			);
		};
/* End PBXProject section */

/* Begin PBXResourcesBuildPhase section */
		69E663DC2479E63300D352D8 /* Resources */ = {
			isa = PBXResourcesBuildPhase;
			buildActionMask = 2147483647;
			files = (
				69E4946D249345F6006C52D2 /* Muli-Medium.ttf in Resources */,
				69E494742493467C006C52D2 /* Inter-Bold.otf in Resources */,
				69191A6F248D8075002A340B /* SFProDisplay-Black.otf in Resources */,
				69E663F02479E63500D352D8 /* LaunchScreen.storyboard in Resources */,
				69191A68248CD85F002A340B /* renner-bold.otf in Resources */,
				69E663FA2479F54600D352D8 /* Poppins-SemiBold.ttf in Resources */,
				698EC8A0251549AE0063DE43 /* Colors.xcassets in Resources */,
				69191A6C248D7F49002A340B /* SFProDisplay-Bold.ttf in Resources */,
				69191A69248CD85F002A340B /* renner-black.otf in Resources */,
				69191A6A248CD85F002A340B /* renner-medium.otf in Resources */,
				6902675D248CA394006AB80D /* Circular-Medium.ttf in Resources */,
				6902675A248CA327006AB80D /* Circular-Bold.ttf in Resources */,
				69E494722493467C006C52D2 /* Inter-Black.otf in Resources */,
				69E663ED2479E63500D352D8 /* Assets.xcassets in Resources */,
				69E494732493467C006C52D2 /* Inter-Medium.otf in Resources */,
				69E663EB2479E63300D352D8 /* Main.storyboard in Resources */,
				69026C63247B330C006C7A16 /* Poppins-Regular.ttf in Resources */,
				69191A70248D8075002A340B /* SFProDisplay-Medium.otf in Resources */,
				6902675B248CA327006AB80D /* Circular-Black.ttf in Resources */,
				69E4946C249345F6006C52D2 /* Muli-Bold.ttf in Resources */,
				69E4946B249345F6006C52D2 /* Muli-Black.ttf in Resources */,
			);
			runOnlyForDeploymentPostprocessing = 0;
		};
/* End PBXResourcesBuildPhase section */

/* Begin PBXShellScriptBuildPhase section */
		2C4F77E7E49848BA513AE184 /* [CP] Embed Pods Frameworks */ = {
			isa = PBXShellScriptBuildPhase;
			buildActionMask = 2147483647;
			files = (
			);
			inputFileListPaths = (
				"${PODS_ROOT}/Target Support Files/Pods-did you?/Pods-did you?-frameworks-${CONFIGURATION}-input-files.xcfilelist",
			);
			name = "[CP] Embed Pods Frameworks";
			outputFileListPaths = (
				"${PODS_ROOT}/Target Support Files/Pods-did you?/Pods-did you?-frameworks-${CONFIGURATION}-output-files.xcfilelist",
			);
			runOnlyForDeploymentPostprocessing = 0;
			shellPath = /bin/sh;
			shellScript = "\"${PODS_ROOT}/Target Support Files/Pods-did you?/Pods-did you?-frameworks.sh\"\n";
			showEnvVarsInLog = 0;
		};
		4647537FB282E8E2B510E061 /* [CP] Check Pods Manifest.lock */ = {
			isa = PBXShellScriptBuildPhase;
			buildActionMask = 2147483647;
			files = (
			);
			inputFileListPaths = (
			);
			inputPaths = (
				"${PODS_PODFILE_DIR_PATH}/Podfile.lock",
				"${PODS_ROOT}/Manifest.lock",
			);
			name = "[CP] Check Pods Manifest.lock";
			outputFileListPaths = (
			);
			outputPaths = (
				"$(DERIVED_FILE_DIR)/Pods-did you?-checkManifestLockResult.txt",
			);
			runOnlyForDeploymentPostprocessing = 0;
			shellPath = /bin/sh;
			shellScript = "diff \"${PODS_PODFILE_DIR_PATH}/Podfile.lock\" \"${PODS_ROOT}/Manifest.lock\" > /dev/null\nif [ $? != 0 ] ; then\n    # print error to STDERR\n    echo \"error: The sandbox is not in sync with the Podfile.lock. Run 'pod install' or update your CocoaPods installation.\" >&2\n    exit 1\nfi\n# This output is used by Xcode 'outputs' to avoid re-running this script phase.\necho \"SUCCESS\" > \"${SCRIPT_OUTPUT_FILE_0}\"\n";
			showEnvVarsInLog = 0;
		};
/* End PBXShellScriptBuildPhase section */

/* Begin PBXSourcesBuildPhase section */
		69E663DA2479E63300D352D8 /* Sources */ = {
			isa = PBXSourcesBuildPhase;
			buildActionMask = 2147483647;
			files = (
				693C144C248775F90044B37C /* didModel.xcdatamodeld in Sources */,
				69191A7B248DCAEE002A340B /* wantModel.xcdatamodeld in Sources */,
				69E663E62479E63300D352D8 /* FirstViewController.swift in Sources */,
				69191A72248DB41E002A340B /* priorityLevel.swift in Sources */,
				693C144E248794790044B37C /* TableViewController.swift in Sources */,
				690D572F2494319F00169838 /* AddedViewController.swift in Sources */,
				693C1449248774DC0044B37C /* CoreDataController.swift in Sources */,
				69B1F8672488CE0A00D6EDE7 /* TableViewCell.swift in Sources */,
				69B1F86B248B05F700D6EDE7 /* PopupViewController.swift in Sources */,
				698EC89E251548BC0063DE43 /* Theme.swift in Sources */,
				69191A75248DC483002A340B /* needModel.xcdatamodeld in Sources */,
				69E663E22479E63300D352D8 /* AppDelegate.swift in Sources */,
				69B1F869248AD7E900D6EDE7 /* CustomTextField.swift in Sources */,
				69BF39D02497517E00DB171F /* SettingsViewController.swift in Sources */,
				692E9834248E2BE90052992B /* headerCell.swift in Sources */,
				69B1F8652488C22400D6EDE7 /* DetailViewController.swift in Sources */,
				69191A78248DCAA5002A340B /* gotModel.xcdatamodeld in Sources */,
				69E663E42479E63300D352D8 /* SceneDelegate.swift in Sources */,
			);
			runOnlyForDeploymentPostprocessing = 0;
		};
/* End PBXSourcesBuildPhase section */

/* Begin PBXVariantGroup section */
		69E663E92479E63300D352D8 /* Main.storyboard */ = {
			isa = PBXVariantGroup;
			children = (
				69E663EA2479E63300D352D8 /* Base */,
			);
			name = Main.storyboard;
			sourceTree = "<group>";
		};
		69E663EE2479E63500D352D8 /* LaunchScreen.storyboard */ = {
			isa = PBXVariantGroup;
			children = (
				69E663EF2479E63500D352D8 /* Base */,
			);
			name = LaunchScreen.storyboard;
			sourceTree = "<group>";
		};
/* End PBXVariantGroup section */

/* Begin XCBuildConfiguration section */
		69E663F22479E63500D352D8 /* Debug */ = {
			isa = XCBuildConfiguration;
			buildSettings = {
				ALWAYS_SEARCH_USER_PATHS = NO;
				CLANG_ANALYZER_NONNULL = YES;
				CLANG_ANALYZER_NUMBER_OBJECT_CONVERSION = YES_AGGRESSIVE;
				CLANG_CXX_LANGUAGE_STANDARD = "gnu++14";
				CLANG_CXX_LIBRARY = "libc++";
				CLANG_ENABLE_MODULES = YES;
				CLANG_ENABLE_OBJC_ARC = YES;
				CLANG_ENABLE_OBJC_WEAK = YES;
				CLANG_WARN_BLOCK_CAPTURE_AUTORELEASING = YES;
				CLANG_WARN_BOOL_CONVERSION = YES;
				CLANG_WARN_COMMA = YES;
				CLANG_WARN_CONSTANT_CONVERSION = YES;
				CLANG_WARN_DEPRECATED_OBJC_IMPLEMENTATIONS = YES;
				CLANG_WARN_DIRECT_OBJC_ISA_USAGE = YES_ERROR;
				CLANG_WARN_DOCUMENTATION_COMMENTS = YES;
				CLANG_WARN_EMPTY_BODY = YES;
				CLANG_WARN_ENUM_CONVERSION = YES;
				CLANG_WARN_INFINITE_RECURSION = YES;
				CLANG_WARN_INT_CONVERSION = YES;
				CLANG_WARN_NON_LITERAL_NULL_CONVERSION = YES;
				CLANG_WARN_OBJC_IMPLICIT_RETAIN_SELF = YES;
				CLANG_WARN_OBJC_LITERAL_CONVERSION = YES;
				CLANG_WARN_OBJC_ROOT_CLASS = YES_ERROR;
				CLANG_WARN_RANGE_LOOP_ANALYSIS = YES;
				CLANG_WARN_STRICT_PROTOTYPES = YES;
				CLANG_WARN_SUSPICIOUS_MOVE = YES;
				CLANG_WARN_UNGUARDED_AVAILABILITY = YES_AGGRESSIVE;
				CLANG_WARN_UNREACHABLE_CODE = YES;
				CLANG_WARN__DUPLICATE_METHOD_MATCH = YES;
				COPY_PHASE_STRIP = NO;
				DEBUG_INFORMATION_FORMAT = dwarf;
				ENABLE_STRICT_OBJC_MSGSEND = YES;
				ENABLE_TESTABILITY = YES;
				GCC_C_LANGUAGE_STANDARD = gnu11;
				GCC_DYNAMIC_NO_PIC = NO;
				GCC_NO_COMMON_BLOCKS = YES;
				GCC_OPTIMIZATION_LEVEL = 0;
				GCC_PREPROCESSOR_DEFINITIONS = (
					"DEBUG=1",
					"$(inherited)",
				);
				GCC_WARN_64_TO_32_BIT_CONVERSION = YES;
				GCC_WARN_ABOUT_RETURN_TYPE = YES_ERROR;
				GCC_WARN_UNDECLARED_SELECTOR = YES;
				GCC_WARN_UNINITIALIZED_AUTOS = YES_AGGRESSIVE;
				GCC_WARN_UNUSED_FUNCTION = YES;
				GCC_WARN_UNUSED_VARIABLE = YES;
				IPHONEOS_DEPLOYMENT_TARGET = 13.0;
				MTL_ENABLE_DEBUG_INFO = INCLUDE_SOURCE;
				MTL_FAST_MATH = YES;
				ONLY_ACTIVE_ARCH = YES;
				SDKROOT = iphoneos;
				SWIFT_ACTIVE_COMPILATION_CONDITIONS = DEBUG;
				SWIFT_OPTIMIZATION_LEVEL = "-Onone";
			};
			name = Debug;
		};
		69E663F32479E63500D352D8 /* Release */ = {
			isa = XCBuildConfiguration;
			buildSettings = {
				ALWAYS_SEARCH_USER_PATHS = NO;
				CLANG_ANALYZER_NONNULL = YES;
				CLANG_ANALYZER_NUMBER_OBJECT_CONVERSION = YES_AGGRESSIVE;
				CLANG_CXX_LANGUAGE_STANDARD = "gnu++14";
				CLANG_CXX_LIBRARY = "libc++";
				CLANG_ENABLE_MODULES = YES;
				CLANG_ENABLE_OBJC_ARC = YES;
				CLANG_ENABLE_OBJC_WEAK = YES;
				CLANG_WARN_BLOCK_CAPTURE_AUTORELEASING = YES;
				CLANG_WARN_BOOL_CONVERSION = YES;
				CLANG_WARN_COMMA = YES;
				CLANG_WARN_CONSTANT_CONVERSION = YES;
				CLANG_WARN_DEPRECATED_OBJC_IMPLEMENTATIONS = YES;
				CLANG_WARN_DIRECT_OBJC_ISA_USAGE = YES_ERROR;
				CLANG_WARN_DOCUMENTATION_COMMENTS = YES;
				CLANG_WARN_EMPTY_BODY = YES;
				CLANG_WARN_ENUM_CONVERSION = YES;
				CLANG_WARN_INFINITE_RECURSION = YES;
				CLANG_WARN_INT_CONVERSION = YES;
				CLANG_WARN_NON_LITERAL_NULL_CONVERSION = YES;
				CLANG_WARN_OBJC_IMPLICIT_RETAIN_SELF = YES;
				CLANG_WARN_OBJC_LITERAL_CONVERSION = YES;
				CLANG_WARN_OBJC_ROOT_CLASS = YES_ERROR;
				CLANG_WARN_RANGE_LOOP_ANALYSIS = YES;
				CLANG_WARN_STRICT_PROTOTYPES = YES;
				CLANG_WARN_SUSPICIOUS_MOVE = YES;
				CLANG_WARN_UNGUARDED_AVAILABILITY = YES_AGGRESSIVE;
				CLANG_WARN_UNREACHABLE_CODE = YES;
				CLANG_WARN__DUPLICATE_METHOD_MATCH = YES;
				COPY_PHASE_STRIP = NO;
				DEBUG_INFORMATION_FORMAT = "dwarf-with-dsym";
				ENABLE_NS_ASSERTIONS = NO;
				ENABLE_STRICT_OBJC_MSGSEND = YES;
				GCC_C_LANGUAGE_STANDARD = gnu11;
				GCC_NO_COMMON_BLOCKS = YES;
				GCC_WARN_64_TO_32_BIT_CONVERSION = YES;
				GCC_WARN_ABOUT_RETURN_TYPE = YES_ERROR;
				GCC_WARN_UNDECLARED_SELECTOR = YES;
				GCC_WARN_UNINITIALIZED_AUTOS = YES_AGGRESSIVE;
				GCC_WARN_UNUSED_FUNCTION = YES;
				GCC_WARN_UNUSED_VARIABLE = YES;
				IPHONEOS_DEPLOYMENT_TARGET = 13.0;
				MTL_ENABLE_DEBUG_INFO = NO;
				MTL_FAST_MATH = YES;
				SDKROOT = iphoneos;
				SWIFT_COMPILATION_MODE = wholemodule;
				SWIFT_OPTIMIZATION_LEVEL = "-O";
				VALIDATE_PRODUCT = YES;
			};
			name = Release;
		};
		69E663F52479E63500D352D8 /* Debug */ = {
			isa = XCBuildConfiguration;
			baseConfigurationReference = F8F1A2CE76C25EB5DE37B1D1 /* Pods-did you?.debug.xcconfig */;
			buildSettings = {
				ASSETCATALOG_COMPILER_APPICON_NAME = AppIcon;
				CODE_SIGN_STYLE = Automatic;
				DEVELOPMENT_TEAM = 9AHLSZ864R;
				INFOPLIST_FILE = "did you?/Info.plist";
				IPHONEOS_DEPLOYMENT_TARGET = 13.1;
				LD_RUNPATH_SEARCH_PATHS = (
					"$(inherited)",
					"@executable_path/Frameworks",
				);
				PRODUCT_BUNDLE_IDENTIFIER = "com.jkudva.did-you-";
				PRODUCT_NAME = "$(TARGET_NAME)";
				SWIFT_VERSION = 5.0;
				TARGETED_DEVICE_FAMILY = "1,2";
			};
			name = Debug;
		};
		69E663F62479E63500D352D8 /* Release */ = {
			isa = XCBuildConfiguration;
			baseConfigurationReference = AEBDA99ED19E4FD4B30CB36A /* Pods-did you?.release.xcconfig */;
			buildSettings = {
				ASSETCATALOG_COMPILER_APPICON_NAME = AppIcon;
				CODE_SIGN_STYLE = Automatic;
				DEVELOPMENT_TEAM = 9AHLSZ864R;
				INFOPLIST_FILE = "did you?/Info.plist";
				IPHONEOS_DEPLOYMENT_TARGET = 13.1;
				LD_RUNPATH_SEARCH_PATHS = (
					"$(inherited)",
					"@executable_path/Frameworks",
				);
				PRODUCT_BUNDLE_IDENTIFIER = "com.jkudva.did-you-";
				PRODUCT_NAME = "$(TARGET_NAME)";
				SWIFT_VERSION = 5.0;
				TARGETED_DEVICE_FAMILY = "1,2";
			};
			name = Release;
		};
/* End XCBuildConfiguration section */

/* Begin XCConfigurationList section */
		69E663D92479E63300D352D8 /* Build configuration list for PBXProject "did you?" */ = {
			isa = XCConfigurationList;
			buildConfigurations = (
				69E663F22479E63500D352D8 /* Debug */,
				69E663F32479E63500D352D8 /* Release */,
			);
			defaultConfigurationIsVisible = 0;
			defaultConfigurationName = Release;
		};
		69E663F42479E63500D352D8 /* Build configuration list for PBXNativeTarget "did you?" */ = {
			isa = XCConfigurationList;
			buildConfigurations = (
				69E663F52479E63500D352D8 /* Debug */,
				69E663F62479E63500D352D8 /* Release */,
			);
			defaultConfigurationIsVisible = 0;
			defaultConfigurationName = Release;
		};
/* End XCConfigurationList section */

/* Begin XCVersionGroup section */
		69191A73248DC483002A340B /* needModel.xcdatamodeld */ = {
			isa = XCVersionGroup;
			children = (
				69191A74248DC483002A340B /* needModel.xcdatamodel */,
			);
			currentVersion = 69191A74248DC483002A340B /* needModel.xcdatamodel */;
			path = needModel.xcdatamodeld;
			sourceTree = "<group>";
			versionGroupType = wrapper.xcdatamodel;
		};
		69191A76248DCAA5002A340B /* gotModel.xcdatamodeld */ = {
			isa = XCVersionGroup;
			children = (
				69191A77248DCAA5002A340B /* gotModel.xcdatamodel */,
			);
			currentVersion = 69191A77248DCAA5002A340B /* gotModel.xcdatamodel */;
			path = gotModel.xcdatamodeld;
			sourceTree = "<group>";
			versionGroupType = wrapper.xcdatamodel;
		};
		69191A79248DCAEE002A340B /* wantModel.xcdatamodeld */ = {
			isa = XCVersionGroup;
			children = (
				69191A7A248DCAEE002A340B /* wantModel.xcdatamodel */,
			);
			currentVersion = 69191A7A248DCAEE002A340B /* wantModel.xcdatamodel */;
			path = wantModel.xcdatamodeld;
			sourceTree = "<group>";
			versionGroupType = wrapper.xcdatamodel;
		};
		693C144A248775F90044B37C /* didModel.xcdatamodeld */ = {
			isa = XCVersionGroup;
			children = (
				693C144B248775F90044B37C /* didModel.xcdatamodel */,
			);
			currentVersion = 693C144B248775F90044B37C /* didModel.xcdatamodel */;
			path = didModel.xcdatamodeld;
			sourceTree = "<group>";
			versionGroupType = wrapper.xcdatamodel;
		};
/* End XCVersionGroup section */
	};
	rootObject = 69E663D62479E63300D352D8 /* Project object */;
}
