// !$*UTF8*$!
{
	archiveVersion = 1;
	classes = {
	};
	objectVersion = 50;
	objects = {

/* Begin PBXBuildFile section */
		69026C5F247B20B3006C7A16 /* taskObjectController.swift in Sources */ = {isa = PBXBuildFile; fileRef = 69026C5E247B20B3006C7A16 /* taskObjectController.swift */; };
		69026C61247B2E24006C7A16 /* taskController.swift in Sources */ = {isa = PBXBuildFile; fileRef = 69026C60247B2E24006C7A16 /* taskController.swift */; };
		69026C63247B330C006C7A16 /* Poppins-Regular.ttf in Resources */ = {isa = PBXBuildFile; fileRef = 69026C62247B330C006C7A16 /* Poppins-Regular.ttf */; };
		693C1449248774DC0044B37C /* CoreDataController.swift in Sources */ = {isa = PBXBuildFile; fileRef = 693C1448248774DC0044B37C /* CoreDataController.swift */; };
		693C144C248775F90044B37C /* didModel.xcdatamodeld in Sources */ = {isa = PBXBuildFile; fileRef = 693C144A248775F90044B37C /* didModel.xcdatamodeld */; };
		693C144E248794790044B37C /* TableViewController.swift in Sources */ = {isa = PBXBuildFile; fileRef = 693C144D248794790044B37C /* TableViewController.swift */; };
		69E663E22479E63300D352D8 /* AppDelegate.swift in Sources */ = {isa = PBXBuildFile; fileRef = 69E663E12479E63300D352D8 /* AppDelegate.swift */; };
		69E663E42479E63300D352D8 /* SceneDelegate.swift in Sources */ = {isa = PBXBuildFile; fileRef = 69E663E32479E63300D352D8 /* SceneDelegate.swift */; };
		69E663E62479E63300D352D8 /* FirstViewController.swift in Sources */ = {isa = PBXBuildFile; fileRef = 69E663E52479E63300D352D8 /* FirstViewController.swift */; };
		69E663E82479E63300D352D8 /* SecondViewController.swift in Sources */ = {isa = PBXBuildFile; fileRef = 69E663E72479E63300D352D8 /* SecondViewController.swift */; };
		69E663EB2479E63300D352D8 /* Main.storyboard in Resources */ = {isa = PBXBuildFile; fileRef = 69E663E92479E63300D352D8 /* Main.storyboard */; };
		69E663ED2479E63500D352D8 /* Assets.xcassets in Resources */ = {isa = PBXBuildFile; fileRef = 69E663EC2479E63500D352D8 /* Assets.xcassets */; };
		69E663F02479E63500D352D8 /* LaunchScreen.storyboard in Resources */ = {isa = PBXBuildFile; fileRef = 69E663EE2479E63500D352D8 /* LaunchScreen.storyboard */; };
		69E663FA2479F54600D352D8 /* Poppins-SemiBold.ttf in Resources */ = {isa = PBXBuildFile; fileRef = 69E663F92479F54600D352D8 /* Poppins-SemiBold.ttf */; };
/* End PBXBuildFile section */

/* Begin PBXFileReference section */
		69026C5E247B20B3006C7A16 /* taskObjectController.swift */ = {isa = PBXFileReference; lastKnownFileType = sourcecode.swift; path = taskObjectController.swift; sourceTree = "<group>"; };
		69026C60247B2E24006C7A16 /* taskController.swift */ = {isa = PBXFileReference; lastKnownFileType = sourcecode.swift; path = taskController.swift; sourceTree = "<group>"; };
		69026C62247B330C006C7A16 /* Poppins-Regular.ttf */ = {isa = PBXFileReference; lastKnownFileType = file; path = "Poppins-Regular.ttf"; sourceTree = "<group>"; };
		693C1448248774DC0044B37C /* CoreDataController.swift */ = {isa = PBXFileReference; lastKnownFileType = sourcecode.swift; path = CoreDataController.swift; sourceTree = "<group>"; };
		693C144B248775F90044B37C /* didModel.xcdatamodel */ = {isa = PBXFileReference; lastKnownFileType = wrapper.xcdatamodel; path = didModel.xcdatamodel; sourceTree = "<group>"; };
		693C144D248794790044B37C /* TableViewController.swift */ = {isa = PBXFileReference; lastKnownFileType = sourcecode.swift; path = TableViewController.swift; sourceTree = "<group>"; };
		69E663DE2479E63300D352D8 /* did you?.app */ = {isa = PBXFileReference; explicitFileType = wrapper.application; includeInIndex = 0; path = "did you?.app"; sourceTree = BUILT_PRODUCTS_DIR; };
		69E663E12479E63300D352D8 /* AppDelegate.swift */ = {isa = PBXFileReference; lastKnownFileType = sourcecode.swift; path = AppDelegate.swift; sourceTree = "<group>"; };
		69E663E32479E63300D352D8 /* SceneDelegate.swift */ = {isa = PBXFileReference; lastKnownFileType = sourcecode.swift; path = SceneDelegate.swift; sourceTree = "<group>"; };
		69E663E52479E63300D352D8 /* FirstViewController.swift */ = {isa = PBXFileReference; lastKnownFileType = sourcecode.swift; path = FirstViewController.swift; sourceTree = "<group>"; };
		69E663E72479E63300D352D8 /* SecondViewController.swift */ = {isa = PBXFileReference; lastKnownFileType = sourcecode.swift; path = SecondViewController.swift; sourceTree = "<group>"; };
		69E663EA2479E63300D352D8 /* Base */ = {isa = PBXFileReference; lastKnownFileType = file.storyboard; name = Base; path = Base.lproj/Main.storyboard; sourceTree = "<group>"; };
		69E663EC2479E63500D352D8 /* Assets.xcassets */ = {isa = PBXFileReference; lastKnownFileType = folder.assetcatalog; path = Assets.xcassets; sourceTree = "<group>"; };
		69E663EF2479E63500D352D8 /* Base */ = {isa = PBXFileReference; lastKnownFileType = file.storyboard; name = Base; path = Base.lproj/LaunchScreen.storyboard; sourceTree = "<group>"; };
		69E663F12479E63500D352D8 /* Info.plist */ = {isa = PBXFileReference; lastKnownFileType = text.plist.xml; path = Info.plist; sourceTree = "<group>"; };
		69E663F92479F54600D352D8 /* Poppins-SemiBold.ttf */ = {isa = PBXFileReference; lastKnownFileType = file; path = "Poppins-SemiBold.ttf"; sourceTree = "<group>"; };
/* End PBXFileReference section */

/* Begin PBXFrameworksBuildPhase section */
		69E663DB2479E63300D352D8 /* Frameworks */ = {
			isa = PBXFrameworksBuildPhase;
			buildActionMask = 2147483647;
			files = (
			);
			runOnlyForDeploymentPostprocessing = 0;
		};
/* End PBXFrameworksBuildPhase section */

/* Begin PBXGroup section */
		693C1447248774CC0044B37C /* CoreData */ = {
			isa = PBXGroup;
			children = (
				693C1448248774DC0044B37C /* CoreDataController.swift */,
				693C144A248775F90044B37C /* didModel.xcdatamodeld */,
			);
			path = CoreData;
			sourceTree = "<group>";
		};
		69E663D52479E63300D352D8 = {
			isa = PBXGroup;
			children = (
				69E663E02479E63300D352D8 /* did you? */,
				69E663DF2479E63300D352D8 /* Products */,
			);
			sourceTree = "<group>";
		};
		69E663DF2479E63300D352D8 /* Products */ = {
			isa = PBXGroup;
			children = (
				69E663DE2479E63300D352D8 /* did you?.app */,
			);
			name = Products;
			sourceTree = "<group>";
		};
		69E663E02479E63300D352D8 /* did you? */ = {
			isa = PBXGroup;
			children = (
				693C1447248774CC0044B37C /* CoreData */,
				69E663F82479F42400D352D8 /* Fonts */,
				69E663E12479E63300D352D8 /* AppDelegate.swift */,
				69E663E32479E63300D352D8 /* SceneDelegate.swift */,
				69E663E52479E63300D352D8 /* FirstViewController.swift */,
				693C144D248794790044B37C /* TableViewController.swift */,
				69E663E92479E63300D352D8 /* Main.storyboard */,
				69026C60247B2E24006C7A16 /* taskController.swift */,
				69026C5E247B20B3006C7A16 /* taskObjectController.swift */,
				69E663E72479E63300D352D8 /* SecondViewController.swift */,
				69E663EC2479E63500D352D8 /* Assets.xcassets */,
				69E663EE2479E63500D352D8 /* LaunchScreen.storyboard */,
				69E663F12479E63500D352D8 /* Info.plist */,
			);
			path = "did you?";
			sourceTree = "<group>";
		};
		69E663F82479F42400D352D8 /* Fonts */ = {
			isa = PBXGroup;
			children = (
				69026C62247B330C006C7A16 /* Poppins-Regular.ttf */,
				69E663F92479F54600D352D8 /* Poppins-SemiBold.ttf */,
			);
			path = Fonts;
			sourceTree = "<group>";
		};
/* End PBXGroup section */

/* Begin PBXNativeTarget section */
		69E663DD2479E63300D352D8 /* did you? */ = {
			isa = PBXNativeTarget;
			buildConfigurationList = 69E663F42479E63500D352D8 /* Build configuration list for PBXNativeTarget "did you?" */;
			buildPhases = (
				69E663DA2479E63300D352D8 /* Sources */,
				69E663DB2479E63300D352D8 /* Frameworks */,
				69E663DC2479E63300D352D8 /* Resources */,
			);
			buildRules = (
			);
			dependencies = (
			);
			name = "did you?";
			productName = "did you?";
			productReference = 69E663DE2479E63300D352D8 /* did you?.app */;
			productType = "com.apple.product-type.application";
		};
/* End PBXNativeTarget section */

/* Begin PBXProject section */
		69E663D62479E63300D352D8 /* Project object */ = {
			isa = PBXProject;
			attributes = {
				LastSwiftUpdateCheck = 1150;
				LastUpgradeCheck = 1150;
				ORGANIZATIONNAME = "Jay Kudva";
				TargetAttributes = {
					69E663DD2479E63300D352D8 = {
						CreatedOnToolsVersion = 11.5;
					};
				};
			};
			buildConfigurationList = 69E663D92479E63300D352D8 /* Build configuration list for PBXProject "did you?" */;
			compatibilityVersion = "Xcode 9.3";
			developmentRegion = en;
			hasScannedForEncodings = 0;
			knownRegions = (
				en,
				Base,
			);
			mainGroup = 69E663D52479E63300D352D8;
			productRefGroup = 69E663DF2479E63300D352D8 /* Products */;
			projectDirPath = "";
			projectRoot = "";
			targets = (
				69E663DD2479E63300D352D8 /* did you? */,
			);
		};
/* End PBXProject section */

/* Begin PBXResourcesBuildPhase section */
		69E663DC2479E63300D352D8 /* Resources */ = {
			isa = PBXResourcesBuildPhase;
			buildActionMask = 2147483647;
			files = (
				69E663F02479E63500D352D8 /* LaunchScreen.storyboard in Resources */,
				69E663FA2479F54600D352D8 /* Poppins-SemiBold.ttf in Resources */,
				69E663ED2479E63500D352D8 /* Assets.xcassets in Resources */,
				69E663EB2479E63300D352D8 /* Main.storyboard in Resources */,
				69026C63247B330C006C7A16 /* Poppins-Regular.ttf in Resources */,
			);
			runOnlyForDeploymentPostprocessing = 0;
		};
/* End PBXResourcesBuildPhase section */

/* Begin PBXSourcesBuildPhase section */
		69E663DA2479E63300D352D8 /* Sources */ = {
			isa = PBXSourcesBuildPhase;
			buildActionMask = 2147483647;
			files = (
				69026C61247B2E24006C7A16 /* taskController.swift in Sources */,
				693C144C248775F90044B37C /* didModel.xcdatamodeld in Sources */,
				69E663E82479E63300D352D8 /* SecondViewController.swift in Sources */,
				69E663E62479E63300D352D8 /* FirstViewController.swift in Sources */,
				693C144E248794790044B37C /* TableViewController.swift in Sources */,
				693C1449248774DC0044B37C /* CoreDataController.swift in Sources */,
				69E663E22479E63300D352D8 /* AppDelegate.swift in Sources */,
				69026C5F247B20B3006C7A16 /* taskObjectController.swift in Sources */,
				69E663E42479E63300D352D8 /* SceneDelegate.swift in Sources */,
			);
			runOnlyForDeploymentPostprocessing = 0;
		};
/* End PBXSourcesBuildPhase section */

/* Begin PBXVariantGroup section */
		69E663E92479E63300D352D8 /* Main.storyboard */ = {
			isa = PBXVariantGroup;
			children = (
				69E663EA2479E63300D352D8 /* Base */,
			);
			name = Main.storyboard;
			sourceTree = "<group>";
		};
		69E663EE2479E63500D352D8 /* LaunchScreen.storyboard */ = {
			isa = PBXVariantGroup;
			children = (
				69E663EF2479E63500D352D8 /* Base */,
			);
			name = LaunchScreen.storyboard;
			sourceTree = "<group>";
		};
/* End PBXVariantGroup section */

/* Begin XCBuildConfiguration section */
		69E663F22479E63500D352D8 /* Debug */ = {
			isa = XCBuildConfiguration;
			buildSettings = {
				ALWAYS_SEARCH_USER_PATHS = NO;
				CLANG_ANALYZER_NONNULL = YES;
				CLANG_ANALYZER_NUMBER_OBJECT_CONVERSION = YES_AGGRESSIVE;
				CLANG_CXX_LANGUAGE_STANDARD = "gnu++14";
				CLANG_CXX_LIBRARY = "libc++";
				CLANG_ENABLE_MODULES = YES;
				CLANG_ENABLE_OBJC_ARC = YES;
				CLANG_ENABLE_OBJC_WEAK = YES;
				CLANG_WARN_BLOCK_CAPTURE_AUTORELEASING = YES;
				CLANG_WARN_BOOL_CONVERSION = YES;
				CLANG_WARN_COMMA = YES;
				CLANG_WARN_CONSTANT_CONVERSION = YES;
				CLANG_WARN_DEPRECATED_OBJC_IMPLEMENTATIONS = YES;
				CLANG_WARN_DIRECT_OBJC_ISA_USAGE = YES_ERROR;
				CLANG_WARN_DOCUMENTATION_COMMENTS = YES;
				CLANG_WARN_EMPTY_BODY = YES;
				CLANG_WARN_ENUM_CONVERSION = YES;
				CLANG_WARN_INFINITE_RECURSION = YES;
				CLANG_WARN_INT_CONVERSION = YES;
				CLANG_WARN_NON_LITERAL_NULL_CONVERSION = YES;
				CLANG_WARN_OBJC_IMPLICIT_RETAIN_SELF = YES;
				CLANG_WARN_OBJC_LITERAL_CONVERSION = YES;
				CLANG_WARN_OBJC_ROOT_CLASS = YES_ERROR;
				CLANG_WARN_RANGE_LOOP_ANALYSIS = YES;
				CLANG_WARN_STRICT_PROTOTYPES = YES;
				CLANG_WARN_SUSPICIOUS_MOVE = YES;
				CLANG_WARN_UNGUARDED_AVAILABILITY = YES_AGGRESSIVE;
				CLANG_WARN_UNREACHABLE_CODE = YES;
				CLANG_WARN__DUPLICATE_METHOD_MATCH = YES;
				COPY_PHASE_STRIP = NO;
				DEBUG_INFORMATION_FORMAT = dwarf;
				ENABLE_STRICT_OBJC_MSGSEND = YES;
				ENABLE_TESTABILITY = YES;
				GCC_C_LANGUAGE_STANDARD = gnu11;
				GCC_DYNAMIC_NO_PIC = NO;
				GCC_NO_COMMON_BLOCKS = YES;
				GCC_OPTIMIZATION_LEVEL = 0;
				GCC_PREPROCESSOR_DEFINITIONS = (
					"DEBUG=1",
					"$(inherited)",
				);
				GCC_WARN_64_TO_32_BIT_CONVERSION = YES;
				GCC_WARN_ABOUT_RETURN_TYPE = YES_ERROR;
				GCC_WARN_UNDECLARED_SELECTOR = YES;
				GCC_WARN_UNINITIALIZED_AUTOS = YES_AGGRESSIVE;
				GCC_WARN_UNUSED_FUNCTION = YES;
				GCC_WARN_UNUSED_VARIABLE = YES;
				IPHONEOS_DEPLOYMENT_TARGET = 13.5;
				MTL_ENABLE_DEBUG_INFO = INCLUDE_SOURCE;
				MTL_FAST_MATH = YES;
				ONLY_ACTIVE_ARCH = YES;
				SDKROOT = iphoneos;
				SWIFT_ACTIVE_COMPILATION_CONDITIONS = DEBUG;
				SWIFT_OPTIMIZATION_LEVEL = "-Onone";
			};
			name = Debug;
		};
		69E663F32479E63500D352D8 /* Release */ = {
			isa = XCBuildConfiguration;
			buildSettings = {
				ALWAYS_SEARCH_USER_PATHS = NO;
				CLANG_ANALYZER_NONNULL = YES;
				CLANG_ANALYZER_NUMBER_OBJECT_CONVERSION = YES_AGGRESSIVE;
				CLANG_CXX_LANGUAGE_STANDARD = "gnu++14";
				CLANG_CXX_LIBRARY = "libc++";
				CLANG_ENABLE_MODULES = YES;
				CLANG_ENABLE_OBJC_ARC = YES;
				CLANG_ENABLE_OBJC_WEAK = YES;
				CLANG_WARN_BLOCK_CAPTURE_AUTORELEASING = YES;
				CLANG_WARN_BOOL_CONVERSION = YES;
				CLANG_WARN_COMMA = YES;
				CLANG_WARN_CONSTANT_CONVERSION = YES;
				CLANG_WARN_DEPRECATED_OBJC_IMPLEMENTATIONS = YES;
				CLANG_WARN_DIRECT_OBJC_ISA_USAGE = YES_ERROR;
				CLANG_WARN_DOCUMENTATION_COMMENTS = YES;
				CLANG_WARN_EMPTY_BODY = YES;
				CLANG_WARN_ENUM_CONVERSION = YES;
				CLANG_WARN_INFINITE_RECURSION = YES;
				CLANG_WARN_INT_CONVERSION = YES;
				CLANG_WARN_NON_LITERAL_NULL_CONVERSION = YES;
				CLANG_WARN_OBJC_IMPLICIT_RETAIN_SELF = YES;
				CLANG_WARN_OBJC_LITERAL_CONVERSION = YES;
				CLANG_WARN_OBJC_ROOT_CLASS = YES_ERROR;
				CLANG_WARN_RANGE_LOOP_ANALYSIS = YES;
				CLANG_WARN_STRICT_PROTOTYPES = YES;
				CLANG_WARN_SUSPICIOUS_MOVE = YES;
				CLANG_WARN_UNGUARDED_AVAILABILITY = YES_AGGRESSIVE;
				CLANG_WARN_UNREACHABLE_CODE = YES;
				CLANG_WARN__DUPLICATE_METHOD_MATCH = YES;
				COPY_PHASE_STRIP = NO;
				DEBUG_INFORMATION_FORMAT = "dwarf-with-dsym";
				ENABLE_NS_ASSERTIONS = NO;
				ENABLE_STRICT_OBJC_MSGSEND = YES;
				GCC_C_LANGUAGE_STANDARD = gnu11;
				GCC_NO_COMMON_BLOCKS = YES;
				GCC_WARN_64_TO_32_BIT_CONVERSION = YES;
				GCC_WARN_ABOUT_RETURN_TYPE = YES_ERROR;
				GCC_WARN_UNDECLARED_SELECTOR = YES;
				GCC_WARN_UNINITIALIZED_AUTOS = YES_AGGRESSIVE;
				GCC_WARN_UNUSED_FUNCTION = YES;
				GCC_WARN_UNUSED_VARIABLE = YES;
				IPHONEOS_DEPLOYMENT_TARGET = 13.5;
				MTL_ENABLE_DEBUG_INFO = NO;
				MTL_FAST_MATH = YES;
				SDKROOT = iphoneos;
				SWIFT_COMPILATION_MODE = wholemodule;
				SWIFT_OPTIMIZATION_LEVEL = "-O";
				VALIDATE_PRODUCT = YES;
			};
			name = Release;
		};
		69E663F52479E63500D352D8 /* Debug */ = {
			isa = XCBuildConfiguration;
			buildSettings = {
				ASSETCATALOG_COMPILER_APPICON_NAME = AppIcon;
				CODE_SIGN_STYLE = Automatic;
				DEVELOPMENT_TEAM = 9AHLSZ864R;
				INFOPLIST_FILE = "did you?/Info.plist";
				IPHONEOS_DEPLOYMENT_TARGET = 13.1;
				LD_RUNPATH_SEARCH_PATHS = (
					"$(inherited)",
					"@executable_path/Frameworks",
				);
				PRODUCT_BUNDLE_IDENTIFIER = "com.jkudva.did-you-";
				PRODUCT_NAME = "$(TARGET_NAME)";
				SWIFT_VERSION = 5.0;
				TARGETED_DEVICE_FAMILY = "1,2";
			};
			name = Debug;
		};
		69E663F62479E63500D352D8 /* Release */ = {
			isa = XCBuildConfiguration;
			buildSettings = {
				ASSETCATALOG_COMPILER_APPICON_NAME = AppIcon;
				CODE_SIGN_STYLE = Automatic;
				DEVELOPMENT_TEAM = 9AHLSZ864R;
				INFOPLIST_FILE = "did you?/Info.plist";
				IPHONEOS_DEPLOYMENT_TARGET = 13.1;
				LD_RUNPATH_SEARCH_PATHS = (
					"$(inherited)",
					"@executable_path/Frameworks",
				);
				PRODUCT_BUNDLE_IDENTIFIER = "com.jkudva.did-you-";
				PRODUCT_NAME = "$(TARGET_NAME)";
				SWIFT_VERSION = 5.0;
				TARGETED_DEVICE_FAMILY = "1,2";
			};
			name = Release;
		};
/* End XCBuildConfiguration section */

/* Begin XCConfigurationList section */
		69E663D92479E63300D352D8 /* Build configuration list for PBXProject "did you?" */ = {
			isa = XCConfigurationList;
			buildConfigurations = (
				69E663F22479E63500D352D8 /* Debug */,
				69E663F32479E63500D352D8 /* Release */,
			);
			defaultConfigurationIsVisible = 0;
			defaultConfigurationName = Release;
		};
		69E663F42479E63500D352D8 /* Build configuration list for PBXNativeTarget "did you?" */ = {
			isa = XCConfigurationList;
			buildConfigurations = (
				69E663F52479E63500D352D8 /* Debug */,
				69E663F62479E63500D352D8 /* Release */,
			);
			defaultConfigurationIsVisible = 0;
			defaultConfigurationName = Release;
		};
/* End XCConfigurationList section */

/* Begin XCVersionGroup section */
		693C144A248775F90044B37C /* didModel.xcdatamodeld */ = {
			isa = XCVersionGroup;
			children = (
				693C144B248775F90044B37C /* didModel.xcdatamodel */,
			);
			currentVersion = 693C144B248775F90044B37C /* didModel.xcdatamodel */;
			path = didModel.xcdatamodeld;
			sourceTree = "<group>";
			versionGroupType = wrapper.xcdatamodel;
		};
/* End XCVersionGroup section */
	};
	rootObject = 69E663D62479E63300D352D8 /* Project object */;
}
